// !$*UTF8*$!
{
	archiveVersion = 1;
	classes = {
	};
	objectVersion = 50;
	objects = {

/* Begin PBXBuildFile section */
		492A19AC25B6B150008C175D /* AppDelegate.swift in Sources */ = {isa = PBXBuildFile; fileRef = 492A19AB25B6B150008C175D /* AppDelegate.swift */; };
		492A19AE25B6B150008C175D /* SceneDelegate.swift in Sources */ = {isa = PBXBuildFile; fileRef = 492A19AD25B6B150008C175D /* SceneDelegate.swift */; };
		492A19B025B6B150008C175D /* ViewController.swift in Sources */ = {isa = PBXBuildFile; fileRef = 492A19AF25B6B150008C175D /* ViewController.swift */; };
		492A19B325B6B150008C175D /* Main.storyboard in Resources */ = {isa = PBXBuildFile; fileRef = 492A19B125B6B150008C175D /* Main.storyboard */; };
		492A19B525B6B151008C175D /* Assets.xcassets in Resources */ = {isa = PBXBuildFile; fileRef = 492A19B425B6B151008C175D /* Assets.xcassets */; };
		492A19B825B6B151008C175D /* LaunchScreen.storyboard in Resources */ = {isa = PBXBuildFile; fileRef = 492A19B625B6B151008C175D /* LaunchScreen.storyboard */; };
/* End PBXBuildFile section */

/* Begin PBXFileReference section */
		492A19A825B6B150008C175D /* CoordinatorsExapleHWS.app */ = {isa = PBXFileReference; explicitFileType = wrapper.application; includeInIndex = 0; path = CoordinatorsExapleHWS.app; sourceTree = BUILT_PRODUCTS_DIR; };
		492A19AB25B6B150008C175D /* AppDelegate.swift */ = {isa = PBXFileReference; lastKnownFileType = sourcecode.swift; path = AppDelegate.swift; sourceTree = "<group>"; };
		492A19AD25B6B150008C175D /* SceneDelegate.swift */ = {isa = PBXFileReference; lastKnownFileType = sourcecode.swift; path = SceneDelegate.swift; sourceTree = "<group>"; };
		492A19AF25B6B150008C175D /* ViewController.swift */ = {isa = PBXFileReference; lastKnownFileType = sourcecode.swift; path = ViewController.swift; sourceTree = "<group>"; };
		492A19B225B6B150008C175D /* Base */ = {isa = PBXFileReference; lastKnownFileType = file.storyboard; name = Base; path = Base.lproj/Main.storyboard; sourceTree = "<group>"; };
		492A19B425B6B151008C175D /* Assets.xcassets */ = {isa = PBXFileReference; lastKnownFileType = folder.assetcatalog; path = Assets.xcassets; sourceTree = "<group>"; };
		492A19B725B6B151008C175D /* Base */ = {isa = PBXFileReference; lastKnownFileType = file.storyboard; name = Base; path = Base.lproj/LaunchScreen.storyboard; sourceTree = "<group>"; };
		492A19B925B6B151008C175D /* Info.plist */ = {isa = PBXFileReference; lastKnownFileType = text.plist.xml; path = Info.plist; sourceTree = "<group>"; };
/* End PBXFileReference section */

/* Begin PBXFrameworksBuildPhase section */
		492A19A525B6B150008C175D /* Frameworks */ = {
			isa = PBXFrameworksBuildPhase;
			buildActionMask = 2147483647;
			files = (
			);
			runOnlyForDeploymentPostprocessing = 0;
		};
/* End PBXFrameworksBuildPhase section */

/* Begin PBXGroup section */
		492A199F25B6B150008C175D = {
			isa = PBXGroup;
			children = (
				492A19AA25B6B150008C175D /* CoordinatorsExapleHWS */,
				492A19A925B6B150008C175D /* Products */,
			);
			sourceTree = "<group>";
		};
		492A19A925B6B150008C175D /* Products */ = {
			isa = PBXGroup;
			children = (
				492A19A825B6B150008C175D /* CoordinatorsExapleHWS.app */,
			);
			name = Products;
			sourceTree = "<group>";
		};
		492A19AA25B6B150008C175D /* CoordinatorsExapleHWS */ = {
			isa = PBXGroup;
			children = (
				492A19AB25B6B150008C175D /* AppDelegate.swift */,
				492A19AD25B6B150008C175D /* SceneDelegate.swift */,
				492A19AF25B6B150008C175D /* ViewController.swift */,
				492A19B125B6B150008C175D /* Main.storyboard */,
				492A19B425B6B151008C175D /* Assets.xcassets */,
				492A19B625B6B151008C175D /* LaunchScreen.storyboard */,
				492A19B925B6B151008C175D /* Info.plist */,
			);
			path = CoordinatorsExapleHWS;
			sourceTree = "<group>";
		};
/* End PBXGroup section */

/* Begin PBXNativeTarget section */
		492A19A725B6B150008C175D /* CoordinatorsExapleHWS */ = {
			isa = PBXNativeTarget;
			buildConfigurationList = 492A19BC25B6B151008C175D /* Build configuration list for PBXNativeTarget "CoordinatorsExapleHWS" */;
			buildPhases = (
				492A19A425B6B150008C175D /* Sources */,
				492A19A525B6B150008C175D /* Frameworks */,
				492A19A625B6B150008C175D /* Resources */,
			);
			buildRules = (
			);
			dependencies = (
			);
			name = CoordinatorsExapleHWS;
			productName = CoordinatorsExapleHWS;
			productReference = 492A19A825B6B150008C175D /* CoordinatorsExapleHWS.app */;
			productType = "com.apple.product-type.application";
		};
/* End PBXNativeTarget section */

/* Begin PBXProject section */
		492A19A025B6B150008C175D /* Project object */ = {
			isa = PBXProject;
			attributes = {
				LastSwiftUpdateCheck = 1230;
				LastUpgradeCheck = 1230;
				TargetAttributes = {
					492A19A725B6B150008C175D = {
						CreatedOnToolsVersion = 12.3;
					};
				};
			};
			buildConfigurationList = 492A19A325B6B150008C175D /* Build configuration list for PBXProject "CoordinatorsExapleHWS" */;
			compatibilityVersion = "Xcode 9.3";
			developmentRegion = en;
			hasScannedForEncodings = 0;
			knownRegions = (
				en,
				Base,
			);
			mainGroup = 492A199F25B6B150008C175D;
			productRefGroup = 492A19A925B6B150008C175D /* Products */;
			projectDirPath = "";
			projectRoot = "";
			targets = (
				492A19A725B6B150008C175D /* CoordinatorsExapleHWS */,
			);
		};
/* End PBXProject section */

/* Begin PBXResourcesBuildPhase section */
		492A19A625B6B150008C175D /* Resources */ = {
			isa = PBXResourcesBuildPhase;
			buildActionMask = 2147483647;
			files = (
				492A19B825B6B151008C175D /* LaunchScreen.storyboard in Resources */,
				492A19B525B6B151008C175D /* Assets.xcassets in Resources */,
				492A19B325B6B150008C175D /* Main.storyboard in Resources */,
			);
			runOnlyForDeploymentPostprocessing = 0;
		};
/* End PBXResourcesBuildPhase section */

/* Begin PBXSourcesBuildPhase section */
		492A19A425B6B150008C175D /* Sources */ = {
			isa = PBXSourcesBuildPhase;
			buildActionMask = 2147483647;
			files = (
				492A19B025B6B150008C175D /* ViewController.swift in Sources */,
				492A19AC25B6B150008C175D /* AppDelegate.swift in Sources */,
				492A19AE25B6B150008C175D /* SceneDelegate.swift in Sources */,
			);
			runOnlyForDeploymentPostprocessing = 0;
		};
/* End PBXSourcesBuildPhase section */

/* Begin PBXVariantGroup section */
		492A19B125B6B150008C175D /* Main.storyboard */ = {
			isa = PBXVariantGroup;
			children = (
				492A19B225B6B150008C175D /* Base */,
			);
			name = Main.storyboard;
			sourceTree = "<group>";
		};
		492A19B625B6B151008C175D /* LaunchScreen.storyboard */ = {
			isa = PBXVariantGroup;
			children = (
				492A19B725B6B151008C175D /* Base */,
			);
			name = LaunchScreen.storyboard;
			sourceTree = "<group>";
		};
/* End PBXVariantGroup section */

/* Begin XCBuildConfiguration section */
		492A19BA25B6B151008C175D /* Debug */ = {
			isa = XCBuildConfiguration;
			buildSettings = {
				ALWAYS_SEARCH_USER_PATHS = NO;
				CLANG_ANALYZER_NONNULL = YES;
				CLANG_ANALYZER_NUMBER_OBJECT_CONVERSION = YES_AGGRESSIVE;
				CLANG_CXX_LANGUAGE_STANDARD = "gnu++14";
				CLANG_CXX_LIBRARY = "libc++";
				CLANG_ENABLE_MODULES = YES;
				CLANG_ENABLE_OBJC_ARC = YES;
				CLANG_ENABLE_OBJC_WEAK = YES;
				CLANG_WARN_BLOCK_CAPTURE_AUTORELEASING = YES;
				CLANG_WARN_BOOL_CONVERSION = YES;
				CLANG_WARN_COMMA = YES;
				CLANG_WARN_CONSTANT_CONVERSION = YES;
				CLANG_WARN_DEPRECATED_OBJC_IMPLEMENTATIONS = YES;
				CLANG_WARN_DIRECT_OBJC_ISA_USAGE = YES_ERROR;
				CLANG_WARN_DOCUMENTATION_COMMENTS = YES;
				CLANG_WARN_EMPTY_BODY = YES;
				CLANG_WARN_ENUM_CONVERSION = YES;
				CLANG_WARN_INFINITE_RECURSION = YES;
				CLANG_WARN_INT_CONVERSION = YES;
				CLANG_WARN_NON_LITERAL_NULL_CONVERSION = YES;
				CLANG_WARN_OBJC_IMPLICIT_RETAIN_SELF = YES;
				CLANG_WARN_OBJC_LITERAL_CONVERSION = YES;
				CLANG_WARN_OBJC_ROOT_CLASS = YES_ERROR;
				CLANG_WARN_QUOTED_INCLUDE_IN_FRAMEWORK_HEADER = YES;
				CLANG_WARN_RANGE_LOOP_ANALYSIS = YES;
				CLANG_WARN_STRICT_PROTOTYPES = YES;
				CLANG_WARN_SUSPICIOUS_MOVE = YES;
				CLANG_WARN_UNGUARDED_AVAILABILITY = YES_AGGRESSIVE;
				CLANG_WARN_UNREACHABLE_CODE = YES;
				CLANG_WARN__DUPLICATE_METHOD_MATCH = YES;
				COPY_PHASE_STRIP = NO;
				DEBUG_INFORMATION_FORMAT = dwarf;
				ENABLE_STRICT_OBJC_MSGSEND = YES;
				ENABLE_TESTABILITY = YES;
				GCC_C_LANGUAGE_STANDARD = gnu11;
				GCC_DYNAMIC_NO_PIC = NO;
				GCC_NO_COMMON_BLOCKS = YES;
				GCC_OPTIMIZATION_LEVEL = 0;
				GCC_PREPROCESSOR_DEFINITIONS = (
					"DEBUG=1",
					"$(inherited)",
				);
				GCC_WARN_64_TO_32_BIT_CONVERSION = YES;
				GCC_WARN_ABOUT_RETURN_TYPE = YES_ERROR;
				GCC_WARN_UNDECLARED_SELECTOR = YES;
				GCC_WARN_UNINITIALIZED_AUTOS = YES_AGGRESSIVE;
				GCC_WARN_UNUSED_FUNCTION = YES;
				GCC_WARN_UNUSED_VARIABLE = YES;
				IPHONEOS_DEPLOYMENT_TARGET = 14.3;
				MTL_ENABLE_DEBUG_INFO = INCLUDE_SOURCE;
				MTL_FAST_MATH = YES;
				ONLY_ACTIVE_ARCH = YES;
				SDKROOT = iphoneos;
				SWIFT_ACTIVE_COMPILATION_CONDITIONS = DEBUG;
				SWIFT_OPTIMIZATION_LEVEL = "-Onone";
			};
			name = Debug;
		};
		492A19BB25B6B151008C175D /* Release */ = {
			isa = XCBuildConfiguration;
			buildSettings = {
				ALWAYS_SEARCH_USER_PATHS = NO;
				CLANG_ANALYZER_NONNULL = YES;
				CLANG_ANALYZER_NUMBER_OBJECT_CONVERSION = YES_AGGRESSIVE;
				CLANG_CXX_LANGUAGE_STANDARD = "gnu++14";
				CLANG_CXX_LIBRARY = "libc++";
				CLANG_ENABLE_MODULES = YES;
				CLANG_ENABLE_OBJC_ARC = YES;
				CLANG_ENABLE_OBJC_WEAK = YES;
				CLANG_WARN_BLOCK_CAPTURE_AUTORELEASING = YES;
				CLANG_WARN_BOOL_CONVERSION = YES;
				CLANG_WARN_COMMA = YES;
				CLANG_WARN_CONSTANT_CONVERSION = YES;
				CLANG_WARN_DEPRECATED_OBJC_IMPLEMENTATIONS = YES;
				CLANG_WARN_DIRECT_OBJC_ISA_USAGE = YES_ERROR;
				CLANG_WARN_DOCUMENTATION_COMMENTS = YES;
				CLANG_WARN_EMPTY_BODY = YES;
				CLANG_WARN_ENUM_CONVERSION = YES;
				CLANG_WARN_INFINITE_RECURSION = YES;
				CLANG_WARN_INT_CONVERSION = YES;
				CLANG_WARN_NON_LITERAL_NULL_CONVERSION = YES;
				CLANG_WARN_OBJC_IMPLICIT_RETAIN_SELF = YES;
				CLANG_WARN_OBJC_LITERAL_CONVERSION = YES;
				CLANG_WARN_OBJC_ROOT_CLASS = YES_ERROR;
				CLANG_WARN_QUOTED_INCLUDE_IN_FRAMEWORK_HEADER = YES;
				CLANG_WARN_RANGE_LOOP_ANALYSIS = YES;
				CLANG_WARN_STRICT_PROTOTYPES = YES;
				CLANG_WARN_SUSPICIOUS_MOVE = YES;
				CLANG_WARN_UNGUARDED_AVAILABILITY = YES_AGGRESSIVE;
				CLANG_WARN_UNREACHABLE_CODE = YES;
				CLANG_WARN__DUPLICATE_METHOD_MATCH = YES;
				COPY_PHASE_STRIP = NO;
				DEBUG_INFORMATION_FORMAT = "dwarf-with-dsym";
				ENABLE_NS_ASSERTIONS = NO;
				ENABLE_STRICT_OBJC_MSGSEND = YES;
				GCC_C_LANGUAGE_STANDARD = gnu11;
				GCC_NO_COMMON_BLOCKS = YES;
				GCC_WARN_64_TO_32_BIT_CONVERSION = YES;
				GCC_WARN_ABOUT_RETURN_TYPE = YES_ERROR;
				GCC_WARN_UNDECLARED_SELECTOR = YES;
				GCC_WARN_UNINITIALIZED_AUTOS = YES_AGGRESSIVE;
				GCC_WARN_UNUSED_FUNCTION = YES;
				GCC_WARN_UNUSED_VARIABLE = YES;
				IPHONEOS_DEPLOYMENT_TARGET = 14.3;
				MTL_ENABLE_DEBUG_INFO = NO;
				MTL_FAST_MATH = YES;
				SDKROOT = iphoneos;
				SWIFT_COMPILATION_MODE = wholemodule;
				SWIFT_OPTIMIZATION_LEVEL = "-O";
				VALIDATE_PRODUCT = YES;
			};
			name = Release;
		};
		492A19BD25B6B151008C175D /* Debug */ = {
			isa = XCBuildConfiguration;
			buildSettings = {
				ASSETCATALOG_COMPILER_APPICON_NAME = AppIcon;
				ASSETCATALOG_COMPILER_GLOBAL_ACCENT_COLOR_NAME = AccentColor;
				CODE_SIGN_STYLE = Automatic;
				INFOPLIST_FILE = CoordinatorsExapleHWS/Info.plist;
				LD_RUNPATH_SEARCH_PATHS = (
					"$(inherited)",
					"@executable_path/Frameworks",
				);
				PRODUCT_BUNDLE_IDENTIFIER = com.simran.app.CoordinatorsExapleHWS;
				PRODUCT_NAME = "$(TARGET_NAME)";
				SWIFT_VERSION = 5.0;
				TARGETED_DEVICE_FAMILY = "1,2";
			};
			name = Debug;
		};
		492A19BE25B6B151008C175D /* Release */ = {
			isa = XCBuildConfiguration;
			buildSettings = {
				ASSETCATALOG_COMPILER_APPICON_NAME = AppIcon;
				ASSETCATALOG_COMPILER_GLOBAL_ACCENT_COLOR_NAME = AccentColor;
				CODE_SIGN_STYLE = Automatic;
				INFOPLIST_FILE = CoordinatorsExapleHWS/Info.plist;
				LD_RUNPATH_SEARCH_PATHS = (
					"$(inherited)",
					"@executable_path/Frameworks",
				);
				PRODUCT_BUNDLE_IDENTIFIER = com.simran.app.CoordinatorsExapleHWS;
				PRODUCT_NAME = "$(TARGET_NAME)";
				SWIFT_VERSION = 5.0;
				TARGETED_DEVICE_FAMILY = "1,2";
			};
			name = Release;
		};
/* End XCBuildConfiguration section */

/* Begin XCConfigurationList section */
		492A19A325B6B150008C175D /* Build configuration list for PBXProject "CoordinatorsExapleHWS" */ = {
			isa = XCConfigurationList;
			buildConfigurations = (
				492A19BA25B6B151008C175D /* Debug */,
				492A19BB25B6B151008C175D /* Release */,
			);
			defaultConfigurationIsVisible = 0;
			defaultConfigurationName = Release;
		};
		492A19BC25B6B151008C175D /* Build configuration list for PBXNativeTarget "CoordinatorsExapleHWS" */ = {
			isa = XCConfigurationList;
			buildConfigurations = (
				492A19BD25B6B151008C175D /* Debug */,
				492A19BE25B6B151008C175D /* Release */,
			);
			defaultConfigurationIsVisible = 0;
			defaultConfigurationName = Release;
		};
/* End XCConfigurationList section */
	};
	rootObject = 492A19A025B6B150008C175D /* Project object */;
}
